
Microsoft Visual Studio Solution File, Format Version 12.00
# Visual Studio Version 17
VisualStudioVersion = 17.5.33516.290
MinimumVisualStudioVersion = 10.0.40219.1
Project("{FAE04EC0-301F-11D3-BF4B-00C04F79EFBC}") = "22-03-2023_WPF_kable_lisp_circle", "22-03-2023_WPF_kable_lisp_circle.csproj", "{7B1269A5-5569-4B0B-9A97-795E17456019}"
EndProject
Global
	GlobalSection(SolutionConfigurationPlatforms) = preSolution
		Debug|Any CPU = Debug|Any CPU
		Release|Any CPU = Release|Any CPU
	EndGlobalSection
	GlobalSection(ProjectConfigurationPlatforms) = postSolution
		{7B1269A5-5569-4B0B-9A97-795E17456019}.Debug|Any CPU.ActiveCfg = Debug|Any CPU
		{7B1269A5-5569-4B0B-9A97-795E17456019}.Debug|Any CPU.Build.0 = Debug|Any CPU
		{7B1269A5-5569-4B0B-9A97-795E17456019}.Release|Any CPU.ActiveCfg = Release|Any CPU
		{7B1269A5-5569-4B0B-9A97-795E17456019}.Release|Any CPU.Build.0 = Release|Any CPU
	EndGlobalSection
	GlobalSection(SolutionProperties) = preSolution
		HideSolutionNode = FALSE
	EndGlobalSection
	GlobalSection(ExtensibilityGlobals) = postSolution
		SolutionGuid = {720F244A-E659-427D-8B2C-0E2A728D34AC}
	EndGlobalSection
EndGlobal
